
Microsoft Visual Studio Solution File, Format Version 12.00
# Visual Studio Version 17
VisualStudioVersion = 17.0.32014.148
MinimumVisualStudioVersion = 10.0.40219.1
Project("{FAE04EC0-301F-11D3-BF4B-00C04F79EFBC}") = "WebAPIAuthors", "WebAPIAuthors\WebAPIAuthors.csproj", "{4EA78104-C265-47B5-B346-4F799CC08ACC}"
EndProject
Global
	GlobalSection(SolutionConfigurationPlatforms) = preSolution
		Debug|Any CPU = Debug|Any CPU
		Release|Any CPU = Release|Any CPU
	EndGlobalSection
	GlobalSection(ProjectConfigurationPlatforms) = postSolution
		{4EA78104-C265-47B5-B346-4F799CC08ACC}.Debug|Any CPU.ActiveCfg = Debug|Any CPU
		{4EA78104-C265-47B5-B346-4F799CC08ACC}.Debug|Any CPU.Build.0 = Debug|Any CPU
		{4EA78104-C265-47B5-B346-4F799CC08ACC}.Release|Any CPU.ActiveCfg = Release|Any CPU
		{4EA78104-C265-47B5-B346-4F799CC08ACC}.Release|Any CPU.Build.0 = Release|Any CPU
	EndGlobalSection
	GlobalSection(SolutionProperties) = preSolution
		HideSolutionNode = FALSE
	EndGlobalSection
	GlobalSection(ExtensibilityGlobals) = postSolution
		SolutionGuid = {F158CE06-5AEA-48B4-9E8C-13B73C16917F}
	EndGlobalSection
EndGlobal
